
Microsoft Visual Studio Solution File, Format Version 12.00
# Visual Studio Version 17
VisualStudioVersion = 17.5.33424.131
MinimumVisualStudioVersion = 10.0.40219.1
Project("{FAE04EC0-301F-11D3-BF4B-00C04F79EFBC}") = "TCCDynacoop2023.Logistics", "TCCDynacoop2023.Logistics\TCCDynacoop2023.Logistics.csproj", "{16480917-E632-4519-96E8-ADE5D2454459}"
EndProject
Global
	GlobalSection(SolutionConfigurationPlatforms) = preSolution
		Debug|Any CPU = Debug|Any CPU
		Release|Any CPU = Release|Any CPU
	EndGlobalSection
	GlobalSection(ProjectConfigurationPlatforms) = postSolution
		{16480917-E632-4519-96E8-ADE5D2454459}.Debug|Any CPU.ActiveCfg = Debug|Any CPU
		{16480917-E632-4519-96E8-ADE5D2454459}.Debug|Any CPU.Build.0 = Debug|Any CPU
		{16480917-E632-4519-96E8-ADE5D2454459}.Release|Any CPU.ActiveCfg = Release|Any CPU
		{16480917-E632-4519-96E8-ADE5D2454459}.Release|Any CPU.Build.0 = Release|Any CPU
	EndGlobalSection
	GlobalSection(SolutionProperties) = preSolution
		HideSolutionNode = FALSE
	EndGlobalSection
	GlobalSection(ExtensibilityGlobals) = postSolution
		SolutionGuid = {5E260AD7-3E6E-4617-8F77-7E8EACB71DB7}
	EndGlobalSection
EndGlobal
