
Microsoft Visual Studio Solution File, Format Version 12.00
# Visual Studio Version 17
VisualStudioVersion = 17.0.32014.148
MinimumVisualStudioVersion = 10.0.40219.1
Project("{FAE04EC0-301F-11D3-BF4B-00C04F79EFBC}") = "Dynacoop2023.Logistics.MyFirstPlugins", "Dynacoop2023.Logistics.MyFirstPlugins.csproj", "{8CBCC06E-86A1-428E-8B27-17419B75F4DC}"
EndProject
Global
	GlobalSection(SolutionConfigurationPlatforms) = preSolution
		Debug|Any CPU = Debug|Any CPU
		Release|Any CPU = Release|Any CPU
	EndGlobalSection
	GlobalSection(ProjectConfigurationPlatforms) = postSolution
		{8CBCC06E-86A1-428E-8B27-17419B75F4DC}.Debug|Any CPU.ActiveCfg = Debug|Any CPU
		{8CBCC06E-86A1-428E-8B27-17419B75F4DC}.Debug|Any CPU.Build.0 = Debug|Any CPU
		{8CBCC06E-86A1-428E-8B27-17419B75F4DC}.Release|Any CPU.ActiveCfg = Release|Any CPU
		{8CBCC06E-86A1-428E-8B27-17419B75F4DC}.Release|Any CPU.Build.0 = Release|Any CPU
	EndGlobalSection
	GlobalSection(SolutionProperties) = preSolution
		HideSolutionNode = FALSE
	EndGlobalSection
	GlobalSection(ExtensibilityGlobals) = postSolution
		SolutionGuid = {DC70255A-3F89-436D-85E3-03E90DC78C2F}
	EndGlobalSection
EndGlobal
